        version: 21.6.3(@babel/core@7.28.4)(@babel/traverse@7.28.4)(@rspack/core@1.5.8(@swc/helpers@0.5.17))(@swc/helpers@0.5.17)(@types/babel__core@7.20.5)(@zkochan/js-yaml@0.0.7)(eslint@9.37.0(jiti@2.6.1))(html-webpack-plugin@5.6.4(@rspack/core@1.5.8(@swc/helpers@0.5.17))(webpack@5.102.1))(lightningcss@1.30.1)(next@15.5.2(@babel/core@7.28.4)(@opentelemetry/api@1.9.0)(@playwright/test@1.56.0)(babel-plugin-macros@3.1.0)(react-dom@19.2.0(react@19.2.0))(react@19.2.0)(sass@1.93.2))(nx@21.6.3)(react-dom@19.2.0(react@19.2.0))(react@19.2.0)(ts-node@10.9.2(@types/node@24.7.0)(typescript@5.9.3))(typescript@5.9.3)(vite@7.1.9(@types/node@24.7.0)(jiti@2.6.1)(less@4.4.2)(lightningcss@1.30.1)(sass-embedded@1.93.2)(sass@1.93.2)(terser@5.44.0)(tsx@4.20.6)(yaml@2.8.1))(vitest@3.2.4(@types/debug@4.1.12)(@types/node@24.7.0)(jiti@2.6.1)(jsdom@26.1.0)(less@4.4.2)(lightningcss@1.30.1)(msw@2.11.3(@types/node@24.7.0)(typescript@5.9.3))(sass-embedded@1.93.2)(sass@1.93.2)(terser@5.44.0)(tsx@4.20.6)(yaml@2.8.1))(webpack@5.102.1)
        version: 21.6.3(@babel/core@7.28.4)(@babel/traverse@7.28.4)(@swc/helpers@0.5.17)(@types/babel__core@7.20.5)(@zkochan/js-yaml@0.0.7)(eslint@9.37.0(jiti@2.6.1))(next@15.5.2(@babel/core@7.28.4)(@opentelemetry/api@1.9.0)(@playwright/test@1.56.0)(babel-plugin-macros@3.1.0)(react-dom@19.2.0(react@19.2.0))(react@19.2.0)(sass@1.93.2))(nx@21.6.3)(react-dom@19.2.0(react@19.2.0))(react@19.2.0)(ts-node@10.9.2(@types/node@24.7.0)(typescript@5.9.3))(typescript@5.9.3)(vite@7.1.9(@types/node@24.7.0)(jiti@2.6.1)(less@4.4.2)(lightningcss@1.30.1)(sass-embedded@1.93.2)(sass@1.93.2)(terser@5.44.0)(tsx@4.20.6)(yaml@2.8.1))(vitest@3.2.4(@types/debug@4.1.12)(@types/node@24.7.0)(jiti@2.6.1)(jsdom@26.1.0)(less@4.4.2)(lightningcss@1.30.1)(msw@2.11.3(@types/node@24.7.0)(typescript@5.9.3))(sass-embedded@1.93.2)(sass@1.93.2)(terser@5.44.0)(tsx@4.20.6)(yaml@2.8.1))(webpack@5.102.1)
        version: 21.6.3(@babel/traverse@7.28.4)(@rspack/core@1.5.8(@swc/helpers@0.5.17))(html-webpack-plugin@5.6.4(@rspack/core@1.5.8(@swc/helpers@0.5.17))(webpack@5.102.1))(lightningcss@1.30.1)(nx@21.6.3)(typescript@5.9.3)
      '@esbuild/darwin-arm64':
        specifier: ^0.25.10
        version: 0.25.10
      '@esbuild/linux-x64':
        specifier: ^0.25.10
        version: 0.25.10
        version: 29.4.5(@babel/core@7.28.4)(@jest/transform@30.2.0)(@jest/types@30.2.0)(babel-jest@29.7.0(@babel/core@7.28.4))(jest-util@30.2.0)(jest@29.7.0(@types/node@24.7.0)(babel-plugin-macros@3.1.0)(ts-node@10.9.2(@types/node@24.7.0)(typescript@5.9.3)))(typescript@5.9.3)
        version: 5.102.1(webpack-cli@5.1.4)
        version: 3.8.1(@mdx-js/react@3.1.1(@types/react@19.2.2)(react@19.1.1))(@rspack/core@1.5.8(@swc/helpers@0.5.17))(lightningcss@1.30.1)(react-dom@19.1.1(react@19.1.1))(react@19.1.1)(typescript@5.2.2)
        version: 3.8.1(@algolia/client-search@5.37.0)(@mdx-js/react@3.1.1(@types/react@19.2.2)(react@19.1.1))(@rspack/core@1.5.8(@swc/helpers@0.5.17))(@types/react@19.2.2)(lightningcss@1.30.1)(react-dom@19.1.1(react@19.1.1))(react@19.1.1)(search-insights@2.17.3)(typescript@5.2.2)
        version: 3.8.1(@docusaurus/plugin-content-docs@3.8.1(@mdx-js/react@3.1.1(@types/react@19.2.2)(react@19.1.1))(@rspack/core@1.5.8(@swc/helpers@0.5.17))(lightningcss@1.30.1)(react-dom@19.1.1(react@19.1.1))(react@19.1.1)(typescript@5.2.2))(@mdx-js/react@3.1.1(@types/react@19.2.2)(react@19.1.1))(@rspack/core@1.5.8(@swc/helpers@0.5.17))(lightningcss@1.30.1)(react-dom@19.1.1(react@19.1.1))(react@19.1.1)(typescript@5.2.2)
        version: 3.8.1(react-dom@19.1.1(react@19.1.1))(react@19.1.1)
        version: 3.8.1(react-dom@19.1.1(react@19.1.1))(react@19.1.1)
  '@docusaurus/babel@3.8.1(react-dom@19.1.1(react@19.1.1))(react@19.1.1)':
      '@docusaurus/utils': 3.8.1(react-dom@19.1.1(react@19.1.1))(react@19.1.1)
  '@docusaurus/bundler@3.8.1(@rspack/core@1.5.8(@swc/helpers@0.5.17))(lightningcss@1.30.1)(react-dom@19.1.1(react@19.1.1))(react@19.1.1)(typescript@5.2.2)':
      '@docusaurus/babel': 3.8.1(react-dom@19.1.1(react@19.1.1))(react@19.1.1)
      '@docusaurus/types': 3.8.1(react-dom@19.1.1(react@19.1.1))(react@19.1.1)
      '@docusaurus/utils': 3.8.1(react-dom@19.1.1(react@19.1.1))(react@19.1.1)
      babel-loader: 9.2.1(@babel/core@7.28.4)(webpack@5.102.1)
      copy-webpack-plugin: 11.0.0(webpack@5.102.1)
      css-loader: 6.11.0(@rspack/core@1.5.8(@swc/helpers@0.5.17))(webpack@5.102.1)
      css-minimizer-webpack-plugin: 5.0.1(clean-css@5.3.3)(lightningcss@1.30.1)(webpack@5.102.1)
      file-loader: 6.2.0(webpack@5.102.1)
      mini-css-extract-plugin: 2.9.4(webpack@5.102.1)
      null-loader: 4.0.1(webpack@5.102.1)
      postcss-loader: 7.3.4(postcss@8.5.6)(typescript@5.2.2)(webpack@5.102.1)
      terser-webpack-plugin: 5.3.14(webpack@5.102.1)
      url-loader: 4.1.1(file-loader@6.2.0(webpack@5.102.1))(webpack@5.102.1)
      webpack: 5.102.1(webpack-cli@5.1.4)
      webpackbar: 6.0.1(webpack@5.102.1)
  '@docusaurus/core@3.8.1(@mdx-js/react@3.1.1(@types/react@19.2.2)(react@19.1.1))(@rspack/core@1.5.8(@swc/helpers@0.5.17))(lightningcss@1.30.1)(react-dom@19.1.1(react@19.1.1))(react@19.1.1)(typescript@5.2.2)':
      '@docusaurus/babel': 3.8.1(react-dom@19.1.1(react@19.1.1))(react@19.1.1)
      '@docusaurus/bundler': 3.8.1(@rspack/core@1.5.8(@swc/helpers@0.5.17))(lightningcss@1.30.1)(react-dom@19.1.1(react@19.1.1))(react@19.1.1)(typescript@5.2.2)
      '@docusaurus/mdx-loader': 3.8.1(react-dom@19.1.1(react@19.1.1))(react@19.1.1)
      '@docusaurus/utils': 3.8.1(react-dom@19.1.1(react@19.1.1))(react@19.1.1)
      '@docusaurus/utils-common': 3.8.1(react-dom@19.1.1(react@19.1.1))(react@19.1.1)
      '@docusaurus/utils-validation': 3.8.1(react-dom@19.1.1(react@19.1.1))(react@19.1.1)
      html-webpack-plugin: 5.6.4(@rspack/core@1.5.8(@swc/helpers@0.5.17))(webpack@5.102.0)
      react-loadable-ssr-addon-v5-slorber: 1.0.1(@docusaurus/react-loadable@6.0.0(react@19.1.1))(webpack@5.102.0)
      webpack: 5.102.0
      webpack-dev-server: 5.2.2(webpack@5.102.0)
  '@docusaurus/mdx-loader@3.8.1(react-dom@19.1.1(react@19.1.1))(react@19.1.1)':
      '@docusaurus/utils': 3.8.1(react-dom@19.1.1(react@19.1.1))(react@19.1.1)
      '@docusaurus/utils-validation': 3.8.1(react-dom@19.1.1(react@19.1.1))(react@19.1.1)
      file-loader: 6.2.0(webpack@5.102.1)
      url-loader: 4.1.1(file-loader@6.2.0(webpack@5.102.1))(webpack@5.102.1)
      webpack: 5.102.1(webpack-cli@5.1.4)
  '@docusaurus/module-type-aliases@3.8.1(react-dom@19.1.1(react@19.1.1))(react@19.1.1)':
      '@docusaurus/types': 3.8.1(react-dom@19.1.1(react@19.1.1))(react@19.1.1)
  '@docusaurus/plugin-content-blog@3.8.1(@docusaurus/plugin-content-docs@3.8.1(@mdx-js/react@3.1.1(@types/react@19.2.2)(react@19.1.1))(@rspack/core@1.5.8(@swc/helpers@0.5.17))(lightningcss@1.30.1)(react-dom@19.1.1(react@19.1.1))(react@19.1.1)(typescript@5.2.2))(@mdx-js/react@3.1.1(@types/react@19.2.2)(react@19.1.1))(@rspack/core@1.5.8(@swc/helpers@0.5.17))(lightningcss@1.30.1)(react-dom@19.1.1(react@19.1.1))(react@19.1.1)(typescript@5.2.2)':
      '@docusaurus/core': 3.8.1(@mdx-js/react@3.1.1(@types/react@19.2.2)(react@19.1.1))(@rspack/core@1.5.8(@swc/helpers@0.5.17))(lightningcss@1.30.1)(react-dom@19.1.1(react@19.1.1))(react@19.1.1)(typescript@5.2.2)
      '@docusaurus/mdx-loader': 3.8.1(react-dom@19.1.1(react@19.1.1))(react@19.1.1)
      '@docusaurus/plugin-content-docs': 3.8.1(@mdx-js/react@3.1.1(@types/react@19.2.2)(react@19.1.1))(@rspack/core@1.5.8(@swc/helpers@0.5.17))(lightningcss@1.30.1)(react-dom@19.1.1(react@19.1.1))(react@19.1.1)(typescript@5.2.2)
      '@docusaurus/theme-common': 3.8.1(@docusaurus/plugin-content-docs@3.8.1(@mdx-js/react@3.1.1(@types/react@19.2.2)(react@19.1.1))(@rspack/core@1.5.8(@swc/helpers@0.5.17))(lightningcss@1.30.1)(react-dom@19.1.1(react@19.1.1))(react@19.1.1)(typescript@5.2.2))(react-dom@19.1.1(react@19.1.1))(react@19.1.1)
      '@docusaurus/types': 3.8.1(react-dom@19.1.1(react@19.1.1))(react@19.1.1)
      '@docusaurus/utils': 3.8.1(react-dom@19.1.1(react@19.1.1))(react@19.1.1)
      '@docusaurus/utils-common': 3.8.1(react-dom@19.1.1(react@19.1.1))(react@19.1.1)
      '@docusaurus/utils-validation': 3.8.1(react-dom@19.1.1(react@19.1.1))(react@19.1.1)
      webpack: 5.102.1(webpack-cli@5.1.4)
  '@docusaurus/plugin-content-docs@3.8.1(@mdx-js/react@3.1.1(@types/react@19.2.2)(react@19.1.1))(@rspack/core@1.5.8(@swc/helpers@0.5.17))(lightningcss@1.30.1)(react-dom@19.1.1(react@19.1.1))(react@19.1.1)(typescript@5.2.2)':
      '@docusaurus/core': 3.8.1(@mdx-js/react@3.1.1(@types/react@19.2.2)(react@19.1.1))(@rspack/core@1.5.8(@swc/helpers@0.5.17))(lightningcss@1.30.1)(react-dom@19.1.1(react@19.1.1))(react@19.1.1)(typescript@5.2.2)
      '@docusaurus/mdx-loader': 3.8.1(react-dom@19.1.1(react@19.1.1))(react@19.1.1)
      '@docusaurus/module-type-aliases': 3.8.1(react-dom@19.1.1(react@19.1.1))(react@19.1.1)
      '@docusaurus/theme-common': 3.8.1(@docusaurus/plugin-content-docs@3.8.1(@mdx-js/react@3.1.1(@types/react@19.2.2)(react@19.1.1))(@rspack/core@1.5.8(@swc/helpers@0.5.17))(lightningcss@1.30.1)(react-dom@19.1.1(react@19.1.1))(react@19.1.1)(typescript@5.2.2))(react-dom@19.1.1(react@19.1.1))(react@19.1.1)
      '@docusaurus/types': 3.8.1(react-dom@19.1.1(react@19.1.1))(react@19.1.1)
      '@docusaurus/utils': 3.8.1(react-dom@19.1.1(react@19.1.1))(react@19.1.1)
      '@docusaurus/utils-common': 3.8.1(react-dom@19.1.1(react@19.1.1))(react@19.1.1)
      '@docusaurus/utils-validation': 3.8.1(react-dom@19.1.1(react@19.1.1))(react@19.1.1)
      webpack: 5.102.1(webpack-cli@5.1.4)
  '@docusaurus/plugin-content-pages@3.8.1(@mdx-js/react@3.1.1(@types/react@19.2.2)(react@19.1.1))(@rspack/core@1.5.8(@swc/helpers@0.5.17))(lightningcss@1.30.1)(react-dom@19.1.1(react@19.1.1))(react@19.1.1)(typescript@5.2.2)':
      '@docusaurus/core': 3.8.1(@mdx-js/react@3.1.1(@types/react@19.2.2)(react@19.1.1))(@rspack/core@1.5.8(@swc/helpers@0.5.17))(lightningcss@1.30.1)(react-dom@19.1.1(react@19.1.1))(react@19.1.1)(typescript@5.2.2)
      '@docusaurus/mdx-loader': 3.8.1(react-dom@19.1.1(react@19.1.1))(react@19.1.1)
      '@docusaurus/types': 3.8.1(react-dom@19.1.1(react@19.1.1))(react@19.1.1)
      '@docusaurus/utils': 3.8.1(react-dom@19.1.1(react@19.1.1))(react@19.1.1)
      '@docusaurus/utils-validation': 3.8.1(react-dom@19.1.1(react@19.1.1))(react@19.1.1)
      webpack: 5.102.1(webpack-cli@5.1.4)
  '@docusaurus/plugin-css-cascade-layers@3.8.1(@mdx-js/react@3.1.1(@types/react@19.2.2)(react@19.1.1))(@rspack/core@1.5.8(@swc/helpers@0.5.17))(lightningcss@1.30.1)(react-dom@19.1.1(react@19.1.1))(react@19.1.1)(typescript@5.2.2)':
      '@docusaurus/core': 3.8.1(@mdx-js/react@3.1.1(@types/react@19.2.2)(react@19.1.1))(@rspack/core@1.5.8(@swc/helpers@0.5.17))(lightningcss@1.30.1)(react-dom@19.1.1(react@19.1.1))(react@19.1.1)(typescript@5.2.2)
      '@docusaurus/types': 3.8.1(react-dom@19.1.1(react@19.1.1))(react@19.1.1)
      '@docusaurus/utils': 3.8.1(react-dom@19.1.1(react@19.1.1))(react@19.1.1)
      '@docusaurus/utils-validation': 3.8.1(react-dom@19.1.1(react@19.1.1))(react@19.1.1)
  '@docusaurus/plugin-debug@3.8.1(@mdx-js/react@3.1.1(@types/react@19.2.2)(react@19.1.1))(@rspack/core@1.5.8(@swc/helpers@0.5.17))(lightningcss@1.30.1)(react-dom@19.1.1(react@19.1.1))(react@19.1.1)(typescript@5.2.2)':
      '@docusaurus/core': 3.8.1(@mdx-js/react@3.1.1(@types/react@19.2.2)(react@19.1.1))(@rspack/core@1.5.8(@swc/helpers@0.5.17))(lightningcss@1.30.1)(react-dom@19.1.1(react@19.1.1))(react@19.1.1)(typescript@5.2.2)
      '@docusaurus/types': 3.8.1(react-dom@19.1.1(react@19.1.1))(react@19.1.1)
      '@docusaurus/utils': 3.8.1(react-dom@19.1.1(react@19.1.1))(react@19.1.1)
  '@docusaurus/plugin-google-analytics@3.8.1(@mdx-js/react@3.1.1(@types/react@19.2.2)(react@19.1.1))(@rspack/core@1.5.8(@swc/helpers@0.5.17))(lightningcss@1.30.1)(react-dom@19.1.1(react@19.1.1))(react@19.1.1)(typescript@5.2.2)':
      '@docusaurus/core': 3.8.1(@mdx-js/react@3.1.1(@types/react@19.2.2)(react@19.1.1))(@rspack/core@1.5.8(@swc/helpers@0.5.17))(lightningcss@1.30.1)(react-dom@19.1.1(react@19.1.1))(react@19.1.1)(typescript@5.2.2)
      '@docusaurus/types': 3.8.1(react-dom@19.1.1(react@19.1.1))(react@19.1.1)
      '@docusaurus/utils-validation': 3.8.1(react-dom@19.1.1(react@19.1.1))(react@19.1.1)
  '@docusaurus/plugin-google-gtag@3.8.1(@mdx-js/react@3.1.1(@types/react@19.2.2)(react@19.1.1))(@rspack/core@1.5.8(@swc/helpers@0.5.17))(lightningcss@1.30.1)(react-dom@19.1.1(react@19.1.1))(react@19.1.1)(typescript@5.2.2)':
      '@docusaurus/core': 3.8.1(@mdx-js/react@3.1.1(@types/react@19.2.2)(react@19.1.1))(@rspack/core@1.5.8(@swc/helpers@0.5.17))(lightningcss@1.30.1)(react-dom@19.1.1(react@19.1.1))(react@19.1.1)(typescript@5.2.2)
      '@docusaurus/types': 3.8.1(react-dom@19.1.1(react@19.1.1))(react@19.1.1)
      '@docusaurus/utils-validation': 3.8.1(react-dom@19.1.1(react@19.1.1))(react@19.1.1)
  '@docusaurus/plugin-google-tag-manager@3.8.1(@mdx-js/react@3.1.1(@types/react@19.2.2)(react@19.1.1))(@rspack/core@1.5.8(@swc/helpers@0.5.17))(lightningcss@1.30.1)(react-dom@19.1.1(react@19.1.1))(react@19.1.1)(typescript@5.2.2)':
      '@docusaurus/core': 3.8.1(@mdx-js/react@3.1.1(@types/react@19.2.2)(react@19.1.1))(@rspack/core@1.5.8(@swc/helpers@0.5.17))(lightningcss@1.30.1)(react-dom@19.1.1(react@19.1.1))(react@19.1.1)(typescript@5.2.2)
      '@docusaurus/types': 3.8.1(react-dom@19.1.1(react@19.1.1))(react@19.1.1)
      '@docusaurus/utils-validation': 3.8.1(react-dom@19.1.1(react@19.1.1))(react@19.1.1)
  '@docusaurus/plugin-sitemap@3.8.1(@mdx-js/react@3.1.1(@types/react@19.2.2)(react@19.1.1))(@rspack/core@1.5.8(@swc/helpers@0.5.17))(lightningcss@1.30.1)(react-dom@19.1.1(react@19.1.1))(react@19.1.1)(typescript@5.2.2)':
      '@docusaurus/core': 3.8.1(@mdx-js/react@3.1.1(@types/react@19.2.2)(react@19.1.1))(@rspack/core@1.5.8(@swc/helpers@0.5.17))(lightningcss@1.30.1)(react-dom@19.1.1(react@19.1.1))(react@19.1.1)(typescript@5.2.2)
      '@docusaurus/types': 3.8.1(react-dom@19.1.1(react@19.1.1))(react@19.1.1)
      '@docusaurus/utils': 3.8.1(react-dom@19.1.1(react@19.1.1))(react@19.1.1)
      '@docusaurus/utils-common': 3.8.1(react-dom@19.1.1(react@19.1.1))(react@19.1.1)
      '@docusaurus/utils-validation': 3.8.1(react-dom@19.1.1(react@19.1.1))(react@19.1.1)
  '@docusaurus/plugin-svgr@3.8.1(@mdx-js/react@3.1.1(@types/react@19.2.2)(react@19.1.1))(@rspack/core@1.5.8(@swc/helpers@0.5.17))(lightningcss@1.30.1)(react-dom@19.1.1(react@19.1.1))(react@19.1.1)(typescript@5.2.2)':
      '@docusaurus/core': 3.8.1(@mdx-js/react@3.1.1(@types/react@19.2.2)(react@19.1.1))(@rspack/core@1.5.8(@swc/helpers@0.5.17))(lightningcss@1.30.1)(react-dom@19.1.1(react@19.1.1))(react@19.1.1)(typescript@5.2.2)
      '@docusaurus/types': 3.8.1(react-dom@19.1.1(react@19.1.1))(react@19.1.1)
      '@docusaurus/utils': 3.8.1(react-dom@19.1.1(react@19.1.1))(react@19.1.1)
      '@docusaurus/utils-validation': 3.8.1(react-dom@19.1.1(react@19.1.1))(react@19.1.1)
      webpack: 5.102.1(webpack-cli@5.1.4)
  '@docusaurus/preset-classic@3.8.1(@algolia/client-search@5.37.0)(@mdx-js/react@3.1.1(@types/react@19.2.2)(react@19.1.1))(@rspack/core@1.5.8(@swc/helpers@0.5.17))(@types/react@19.2.2)(lightningcss@1.30.1)(react-dom@19.1.1(react@19.1.1))(react@19.1.1)(search-insights@2.17.3)(typescript@5.2.2)':
    dependencies:
      '@docusaurus/core': 3.8.1(@mdx-js/react@3.1.1(@types/react@19.2.2)(react@19.1.1))(@rspack/core@1.5.8(@swc/helpers@0.5.17))(lightningcss@1.30.1)(react-dom@19.1.1(react@19.1.1))(react@19.1.1)(typescript@5.2.2)
      '@docusaurus/plugin-content-blog': 3.8.1(@docusaurus/plugin-content-docs@3.8.1(@mdx-js/react@3.1.1(@types/react@19.2.2)(react@19.1.1))(@rspack/core@1.5.8(@swc/helpers@0.5.17))(lightningcss@1.30.1)(react-dom@19.1.1(react@19.1.1))(react@19.1.1)(typescript@5.2.2))(@mdx-js/react@3.1.1(@types/react@19.2.2)(react@19.1.1))(@rspack/core@1.5.8(@swc/helpers@0.5.17))(lightningcss@1.30.1)(react-dom@19.1.1(react@19.1.1))(react@19.1.1)(typescript@5.2.2)
      '@docusaurus/plugin-content-docs': 3.8.1(@mdx-js/react@3.1.1(@types/react@19.2.2)(react@19.1.1))(@rspack/core@1.5.8(@swc/helpers@0.5.17))(lightningcss@1.30.1)(react-dom@19.1.1(react@19.1.1))(react@19.1.1)(typescript@5.2.2)
      '@docusaurus/plugin-content-pages': 3.8.1(@mdx-js/react@3.1.1(@types/react@19.2.2)(react@19.1.1))(@rspack/core@1.5.8(@swc/helpers@0.5.17))(lightningcss@1.30.1)(react-dom@19.1.1(react@19.1.1))(react@19.1.1)(typescript@5.2.2)
      '@docusaurus/plugin-css-cascade-layers': 3.8.1(@mdx-js/react@3.1.1(@types/react@19.2.2)(react@19.1.1))(@rspack/core@1.5.8(@swc/helpers@0.5.17))(lightningcss@1.30.1)(react-dom@19.1.1(react@19.1.1))(react@19.1.1)(typescript@5.2.2)
      '@docusaurus/plugin-debug': 3.8.1(@mdx-js/react@3.1.1(@types/react@19.2.2)(react@19.1.1))(@rspack/core@1.5.8(@swc/helpers@0.5.17))(lightningcss@1.30.1)(react-dom@19.1.1(react@19.1.1))(react@19.1.1)(typescript@5.2.2)
      '@docusaurus/plugin-google-analytics': 3.8.1(@mdx-js/react@3.1.1(@types/react@19.2.2)(react@19.1.1))(@rspack/core@1.5.8(@swc/helpers@0.5.17))(lightningcss@1.30.1)(react-dom@19.1.1(react@19.1.1))(react@19.1.1)(typescript@5.2.2)
      '@docusaurus/plugin-google-gtag': 3.8.1(@mdx-js/react@3.1.1(@types/react@19.2.2)(react@19.1.1))(@rspack/core@1.5.8(@swc/helpers@0.5.17))(lightningcss@1.30.1)(react-dom@19.1.1(react@19.1.1))(react@19.1.1)(typescript@5.2.2)
      '@docusaurus/plugin-google-tag-manager': 3.8.1(@mdx-js/react@3.1.1(@types/react@19.2.2)(react@19.1.1))(@rspack/core@1.5.8(@swc/helpers@0.5.17))(lightningcss@1.30.1)(react-dom@19.1.1(react@19.1.1))(react@19.1.1)(typescript@5.2.2)
      '@docusaurus/plugin-sitemap': 3.8.1(@mdx-js/react@3.1.1(@types/react@19.2.2)(react@19.1.1))(@rspack/core@1.5.8(@swc/helpers@0.5.17))(lightningcss@1.30.1)(react-dom@19.1.1(react@19.1.1))(react@19.1.1)(typescript@5.2.2)
      '@docusaurus/plugin-svgr': 3.8.1(@mdx-js/react@3.1.1(@types/react@19.2.2)(react@19.1.1))(@rspack/core@1.5.8(@swc/helpers@0.5.17))(lightningcss@1.30.1)(react-dom@19.1.1(react@19.1.1))(react@19.1.1)(typescript@5.2.2)
      '@docusaurus/theme-classic': 3.8.1(@rspack/core@1.5.8(@swc/helpers@0.5.17))(@types/react@19.2.2)(lightningcss@1.30.1)(react-dom@19.1.1(react@19.1.1))(react@19.1.1)(typescript@5.2.2)
      '@docusaurus/theme-common': 3.8.1(@docusaurus/plugin-content-docs@3.8.1(@mdx-js/react@3.1.1(@types/react@19.2.2)(react@19.1.1))(@rspack/core@1.5.8(@swc/helpers@0.5.17))(lightningcss@1.30.1)(react-dom@19.1.1(react@19.1.1))(react@19.1.1)(typescript@5.2.2))(react-dom@19.1.1(react@19.1.1))(react@19.1.1)
      '@docusaurus/theme-search-algolia': 3.8.1(@algolia/client-search@5.37.0)(@mdx-js/react@3.1.1(@types/react@19.2.2)(react@19.1.1))(@rspack/core@1.5.8(@swc/helpers@0.5.17))(@types/react@19.2.2)(lightningcss@1.30.1)(react-dom@19.1.1(react@19.1.1))(react@19.1.1)(search-insights@2.17.3)(typescript@5.2.2)
      '@docusaurus/types': 3.8.1(react-dom@19.1.1(react@19.1.1))(react@19.1.1)
  '@docusaurus/theme-classic@3.8.1(@rspack/core@1.5.8(@swc/helpers@0.5.17))(@types/react@19.2.2)(lightningcss@1.30.1)(react-dom@19.1.1(react@19.1.1))(react@19.1.1)(typescript@5.2.2)':
      '@docusaurus/core': 3.8.1(@mdx-js/react@3.1.1(@types/react@19.2.2)(react@19.1.1))(@rspack/core@1.5.8(@swc/helpers@0.5.17))(lightningcss@1.30.1)(react-dom@19.1.1(react@19.1.1))(react@19.1.1)(typescript@5.2.2)
      '@docusaurus/mdx-loader': 3.8.1(react-dom@19.1.1(react@19.1.1))(react@19.1.1)
      '@docusaurus/module-type-aliases': 3.8.1(react-dom@19.1.1(react@19.1.1))(react@19.1.1)
      '@docusaurus/plugin-content-blog': 3.8.1(@docusaurus/plugin-content-docs@3.8.1(@mdx-js/react@3.1.1(@types/react@19.2.2)(react@19.1.1))(@rspack/core@1.5.8(@swc/helpers@0.5.17))(lightningcss@1.30.1)(react-dom@19.1.1(react@19.1.1))(react@19.1.1)(typescript@5.2.2))(@mdx-js/react@3.1.1(@types/react@19.2.2)(react@19.1.1))(@rspack/core@1.5.8(@swc/helpers@0.5.17))(lightningcss@1.30.1)(react-dom@19.1.1(react@19.1.1))(react@19.1.1)(typescript@5.2.2)
      '@docusaurus/plugin-content-docs': 3.8.1(@mdx-js/react@3.1.1(@types/react@19.2.2)(react@19.1.1))(@rspack/core@1.5.8(@swc/helpers@0.5.17))(lightningcss@1.30.1)(react-dom@19.1.1(react@19.1.1))(react@19.1.1)(typescript@5.2.2)
      '@docusaurus/plugin-content-pages': 3.8.1(@mdx-js/react@3.1.1(@types/react@19.2.2)(react@19.1.1))(@rspack/core@1.5.8(@swc/helpers@0.5.17))(lightningcss@1.30.1)(react-dom@19.1.1(react@19.1.1))(react@19.1.1)(typescript@5.2.2)
      '@docusaurus/theme-common': 3.8.1(@docusaurus/plugin-content-docs@3.8.1(@mdx-js/react@3.1.1(@types/react@19.2.2)(react@19.1.1))(@rspack/core@1.5.8(@swc/helpers@0.5.17))(lightningcss@1.30.1)(react-dom@19.1.1(react@19.1.1))(react@19.1.1)(typescript@5.2.2))(react-dom@19.1.1(react@19.1.1))(react@19.1.1)
      '@docusaurus/types': 3.8.1(react-dom@19.1.1(react@19.1.1))(react@19.1.1)
      '@docusaurus/utils': 3.8.1(react-dom@19.1.1(react@19.1.1))(react@19.1.1)
      '@docusaurus/utils-common': 3.8.1(react-dom@19.1.1(react@19.1.1))(react@19.1.1)
      '@docusaurus/utils-validation': 3.8.1(react-dom@19.1.1(react@19.1.1))(react@19.1.1)
  '@docusaurus/theme-common@3.8.1(@docusaurus/plugin-content-docs@3.8.1(@mdx-js/react@3.1.1(@types/react@19.2.2)(react@19.1.1))(@rspack/core@1.5.8(@swc/helpers@0.5.17))(lightningcss@1.30.1)(react-dom@19.1.1(react@19.1.1))(react@19.1.1)(typescript@5.2.2))(react-dom@19.1.1(react@19.1.1))(react@19.1.1)':
      '@docusaurus/mdx-loader': 3.8.1(react-dom@19.1.1(react@19.1.1))(react@19.1.1)
      '@docusaurus/module-type-aliases': 3.8.1(react-dom@19.1.1(react@19.1.1))(react@19.1.1)
      '@docusaurus/plugin-content-docs': 3.8.1(@mdx-js/react@3.1.1(@types/react@19.2.2)(react@19.1.1))(@rspack/core@1.5.8(@swc/helpers@0.5.17))(lightningcss@1.30.1)(react-dom@19.1.1(react@19.1.1))(react@19.1.1)(typescript@5.2.2)
      '@docusaurus/utils': 3.8.1(react-dom@19.1.1(react@19.1.1))(react@19.1.1)
      '@docusaurus/utils-common': 3.8.1(react-dom@19.1.1(react@19.1.1))(react@19.1.1)
  '@docusaurus/theme-mermaid@3.8.1(@docusaurus/plugin-content-docs@3.8.1(@mdx-js/react@3.1.1(@types/react@19.2.2)(react@19.1.1))(@rspack/core@1.5.8(@swc/helpers@0.5.17))(lightningcss@1.30.1)(react-dom@19.1.1(react@19.1.1))(react@19.1.1)(typescript@5.2.2))(@mdx-js/react@3.1.1(@types/react@19.2.2)(react@19.1.1))(@rspack/core@1.5.8(@swc/helpers@0.5.17))(lightningcss@1.30.1)(react-dom@19.1.1(react@19.1.1))(react@19.1.1)(typescript@5.2.2)':
      '@docusaurus/core': 3.8.1(@mdx-js/react@3.1.1(@types/react@19.2.2)(react@19.1.1))(@rspack/core@1.5.8(@swc/helpers@0.5.17))(lightningcss@1.30.1)(react-dom@19.1.1(react@19.1.1))(react@19.1.1)(typescript@5.2.2)
      '@docusaurus/module-type-aliases': 3.8.1(react-dom@19.1.1(react@19.1.1))(react@19.1.1)
      '@docusaurus/theme-common': 3.8.1(@docusaurus/plugin-content-docs@3.8.1(@mdx-js/react@3.1.1(@types/react@19.2.2)(react@19.1.1))(@rspack/core@1.5.8(@swc/helpers@0.5.17))(lightningcss@1.30.1)(react-dom@19.1.1(react@19.1.1))(react@19.1.1)(typescript@5.2.2))(react-dom@19.1.1(react@19.1.1))(react@19.1.1)
      '@docusaurus/types': 3.8.1(react-dom@19.1.1(react@19.1.1))(react@19.1.1)
      '@docusaurus/utils-validation': 3.8.1(react-dom@19.1.1(react@19.1.1))(react@19.1.1)
  '@docusaurus/theme-search-algolia@3.8.1(@algolia/client-search@5.37.0)(@mdx-js/react@3.1.1(@types/react@19.2.2)(react@19.1.1))(@rspack/core@1.5.8(@swc/helpers@0.5.17))(@types/react@19.2.2)(lightningcss@1.30.1)(react-dom@19.1.1(react@19.1.1))(react@19.1.1)(search-insights@2.17.3)(typescript@5.2.2)':
      '@docusaurus/core': 3.8.1(@mdx-js/react@3.1.1(@types/react@19.2.2)(react@19.1.1))(@rspack/core@1.5.8(@swc/helpers@0.5.17))(lightningcss@1.30.1)(react-dom@19.1.1(react@19.1.1))(react@19.1.1)(typescript@5.2.2)
      '@docusaurus/plugin-content-docs': 3.8.1(@mdx-js/react@3.1.1(@types/react@19.2.2)(react@19.1.1))(@rspack/core@1.5.8(@swc/helpers@0.5.17))(lightningcss@1.30.1)(react-dom@19.1.1(react@19.1.1))(react@19.1.1)(typescript@5.2.2)
      '@docusaurus/theme-common': 3.8.1(@docusaurus/plugin-content-docs@3.8.1(@mdx-js/react@3.1.1(@types/react@19.2.2)(react@19.1.1))(@rspack/core@1.5.8(@swc/helpers@0.5.17))(lightningcss@1.30.1)(react-dom@19.1.1(react@19.1.1))(react@19.1.1)(typescript@5.2.2))(react-dom@19.1.1(react@19.1.1))(react@19.1.1)
      '@docusaurus/utils': 3.8.1(react-dom@19.1.1(react@19.1.1))(react@19.1.1)
      '@docusaurus/utils-validation': 3.8.1(react-dom@19.1.1(react@19.1.1))(react@19.1.1)
  '@docusaurus/types@3.8.1(react-dom@19.1.1(react@19.1.1))(react@19.1.1)':
      webpack: 5.102.0
  '@docusaurus/utils-common@3.8.1(react-dom@19.1.1(react@19.1.1))(react@19.1.1)':
      '@docusaurus/types': 3.8.1(react-dom@19.1.1(react@19.1.1))(react@19.1.1)
  '@docusaurus/utils-validation@3.8.1(react-dom@19.1.1(react@19.1.1))(react@19.1.1)':
      '@docusaurus/utils': 3.8.1(react-dom@19.1.1(react@19.1.1))(react@19.1.1)
      '@docusaurus/utils-common': 3.8.1(react-dom@19.1.1(react@19.1.1))(react@19.1.1)
  '@docusaurus/utils@3.8.1(react-dom@19.1.1(react@19.1.1))(react@19.1.1)':
      '@docusaurus/types': 3.8.1(react-dom@19.1.1(react@19.1.1))(react@19.1.1)
      '@docusaurus/utils-common': 3.8.1(react-dom@19.1.1(react@19.1.1))(react@19.1.1)
      file-loader: 6.2.0(webpack@5.102.1)
      url-loader: 4.1.1(file-loader@6.2.0(webpack@5.102.1))(webpack@5.102.1)
      webpack: 5.102.1(webpack-cli@5.1.4)
  '@esbuild/darwin-arm64@0.25.10':
    optional: true
  '@module-federation/enhanced@0.18.4(@rspack/core@1.5.8(@swc/helpers@0.5.17))(react-dom@19.2.0(react@19.2.0))(react@19.2.0)(typescript@5.9.3)(webpack@5.102.1)':
      webpack: 5.102.1(webpack-cli@5.1.4)
  '@module-federation/enhanced@0.19.1(@rspack/core@1.5.8(@swc/helpers@0.5.17))(react-dom@19.2.0(react@19.2.0))(react@19.2.0)(typescript@5.9.3)(webpack@5.102.1)':
      webpack: 5.102.1(webpack-cli@5.1.4)
  '@module-federation/node@2.7.17(@rspack/core@1.5.8(@swc/helpers@0.5.17))(next@15.5.2(@babel/core@7.28.4)(@opentelemetry/api@1.9.0)(@playwright/test@1.56.0)(babel-plugin-macros@3.1.0)(react-dom@19.2.0(react@19.2.0))(react@19.2.0)(sass@1.93.2))(react-dom@19.2.0(react@19.2.0))(react@19.2.0)(typescript@5.9.3)(webpack@5.102.1)':
      '@module-federation/enhanced': 0.19.1(@rspack/core@1.5.8(@swc/helpers@0.5.17))(react-dom@19.2.0(react@19.2.0))(react@19.2.0)(typescript@5.9.3)(webpack@5.102.1)
      webpack: 5.102.1(webpack-cli@5.1.4)
  '@nx/module-federation@21.6.3(@babel/traverse@7.28.4)(@swc/helpers@0.5.17)(next@15.5.2(@babel/core@7.28.4)(@opentelemetry/api@1.9.0)(@playwright/test@1.56.0)(babel-plugin-macros@3.1.0)(react-dom@19.2.0(react@19.2.0))(react@19.2.0)(sass@1.93.2))(nx@21.6.3)(react-dom@19.2.0(react@19.2.0))(react@19.2.0)(typescript@5.9.3)':
      '@module-federation/enhanced': 0.18.4(@rspack/core@1.5.8(@swc/helpers@0.5.17))(react-dom@19.2.0(react@19.2.0))(react@19.2.0)(typescript@5.9.3)(webpack@5.102.1)
      '@module-federation/node': 2.7.17(@rspack/core@1.5.8(@swc/helpers@0.5.17))(next@15.5.2(@babel/core@7.28.4)(@opentelemetry/api@1.9.0)(@playwright/test@1.56.0)(babel-plugin-macros@3.1.0)(react-dom@19.2.0(react@19.2.0))(react@19.2.0)(sass@1.93.2))(react-dom@19.2.0(react@19.2.0))(react@19.2.0)(typescript@5.9.3)(webpack@5.102.1)
      webpack: 5.102.1(webpack-cli@5.1.4)
  '@nx/next@21.6.3(@babel/core@7.28.4)(@babel/traverse@7.28.4)(@rspack/core@1.5.8(@swc/helpers@0.5.17))(@swc/helpers@0.5.17)(@types/babel__core@7.20.5)(@zkochan/js-yaml@0.0.7)(eslint@9.37.0(jiti@2.6.1))(html-webpack-plugin@5.6.4(@rspack/core@1.5.8(@swc/helpers@0.5.17))(webpack@5.102.1))(lightningcss@1.30.1)(next@15.5.2(@babel/core@7.28.4)(@opentelemetry/api@1.9.0)(@playwright/test@1.56.0)(babel-plugin-macros@3.1.0)(react-dom@19.2.0(react@19.2.0))(react@19.2.0)(sass@1.93.2))(nx@21.6.3)(react-dom@19.2.0(react@19.2.0))(react@19.2.0)(ts-node@10.9.2(@types/node@24.7.0)(typescript@5.9.3))(typescript@5.9.3)(vite@7.1.9(@types/node@24.7.0)(jiti@2.6.1)(less@4.4.2)(lightningcss@1.30.1)(sass-embedded@1.93.2)(sass@1.93.2)(terser@5.44.0)(tsx@4.20.6)(yaml@2.8.1))(vitest@3.2.4(@types/debug@4.1.12)(@types/node@24.7.0)(jiti@2.6.1)(jsdom@26.1.0)(less@4.4.2)(lightningcss@1.30.1)(msw@2.11.3(@types/node@24.7.0)(typescript@5.9.3))(sass-embedded@1.93.2)(sass@1.93.2)(terser@5.44.0)(tsx@4.20.6)(yaml@2.8.1))(webpack@5.102.1)':
      '@nx/react': 21.6.3(@babel/core@7.28.4)(@babel/traverse@7.28.4)(@swc/helpers@0.5.17)(@types/babel__core@7.20.5)(@zkochan/js-yaml@0.0.7)(eslint@9.37.0(jiti@2.6.1))(next@15.5.2(@babel/core@7.28.4)(@opentelemetry/api@1.9.0)(@playwright/test@1.56.0)(babel-plugin-macros@3.1.0)(react-dom@19.2.0(react@19.2.0))(react@19.2.0)(sass@1.93.2))(nx@21.6.3)(react-dom@19.2.0(react@19.2.0))(react@19.2.0)(ts-node@10.9.2(@types/node@24.7.0)(typescript@5.9.3))(typescript@5.9.3)(vite@7.1.9(@types/node@24.7.0)(jiti@2.6.1)(less@4.4.2)(lightningcss@1.30.1)(sass-embedded@1.93.2)(sass@1.93.2)(terser@5.44.0)(tsx@4.20.6)(yaml@2.8.1))(vitest@3.2.4(@types/debug@4.1.12)(@types/node@24.7.0)(jiti@2.6.1)(jsdom@26.1.0)(less@4.4.2)(lightningcss@1.30.1)(msw@2.11.3(@types/node@24.7.0)(typescript@5.9.3))(sass-embedded@1.93.2)(sass@1.93.2)(terser@5.44.0)(tsx@4.20.6)(yaml@2.8.1))(webpack@5.102.1)
      '@nx/webpack': 21.6.3(@babel/traverse@7.28.4)(@rspack/core@1.5.8(@swc/helpers@0.5.17))(html-webpack-plugin@5.6.4(@rspack/core@1.5.8(@swc/helpers@0.5.17))(webpack@5.102.1))(lightningcss@1.30.1)(nx@21.6.3)(typescript@5.9.3)
      copy-webpack-plugin: 10.2.4(webpack@5.102.1)
      file-loader: 6.2.0(webpack@5.102.1)
  '@nx/react@21.6.3(@babel/core@7.28.4)(@babel/traverse@7.28.4)(@swc/helpers@0.5.17)(@types/babel__core@7.20.5)(@zkochan/js-yaml@0.0.7)(eslint@9.37.0(jiti@2.6.1))(next@15.5.2(@babel/core@7.28.4)(@opentelemetry/api@1.9.0)(@playwright/test@1.56.0)(babel-plugin-macros@3.1.0)(react-dom@19.2.0(react@19.2.0))(react@19.2.0)(sass@1.93.2))(nx@21.6.3)(react-dom@19.2.0(react@19.2.0))(react@19.2.0)(ts-node@10.9.2(@types/node@24.7.0)(typescript@5.9.3))(typescript@5.9.3)(vite@7.1.9(@types/node@24.7.0)(jiti@2.6.1)(less@4.4.2)(lightningcss@1.30.1)(sass-embedded@1.93.2)(sass@1.93.2)(terser@5.44.0)(tsx@4.20.6)(yaml@2.8.1))(vitest@3.2.4(@types/debug@4.1.12)(@types/node@24.7.0)(jiti@2.6.1)(jsdom@26.1.0)(less@4.4.2)(lightningcss@1.30.1)(msw@2.11.3(@types/node@24.7.0)(typescript@5.9.3))(sass-embedded@1.93.2)(sass@1.93.2)(terser@5.44.0)(tsx@4.20.6)(yaml@2.8.1))(webpack@5.102.1)':
      '@nx/module-federation': 21.6.3(@babel/traverse@7.28.4)(@swc/helpers@0.5.17)(next@15.5.2(@babel/core@7.28.4)(@opentelemetry/api@1.9.0)(@playwright/test@1.56.0)(babel-plugin-macros@3.1.0)(react-dom@19.2.0(react@19.2.0))(react@19.2.0)(sass@1.93.2))(nx@21.6.3)(react-dom@19.2.0(react@19.2.0))(react@19.2.0)(typescript@5.9.3)
      file-loader: 6.2.0(webpack@5.102.1)
  '@nx/webpack@21.6.3(@babel/traverse@7.28.4)(@rspack/core@1.5.8(@swc/helpers@0.5.17))(html-webpack-plugin@5.6.4(@rspack/core@1.5.8(@swc/helpers@0.5.17))(webpack@5.102.1))(lightningcss@1.30.1)(nx@21.6.3)(typescript@5.9.3)':
      babel-loader: 9.2.1(@babel/core@7.28.4)(webpack@5.102.1)
      copy-webpack-plugin: 10.2.4(webpack@5.102.1)
      css-loader: 6.11.0(@rspack/core@1.5.8(@swc/helpers@0.5.17))(webpack@5.102.1)
      css-minimizer-webpack-plugin: 5.0.1(clean-css@5.3.3)(lightningcss@1.30.1)(webpack@5.102.1)
      fork-ts-checker-webpack-plugin: 7.2.13(typescript@5.9.3)(webpack@5.102.1)
      less-loader: 11.1.4(less@4.4.2)(webpack@5.102.1)
      license-webpack-plugin: 4.0.2(webpack@5.102.1)
      mini-css-extract-plugin: 2.4.7(webpack@5.102.1)
      postcss-loader: 6.2.1(postcss@8.5.6)(webpack@5.102.1)
      sass-loader: 16.0.5(@rspack/core@1.5.8(@swc/helpers@0.5.17))(sass-embedded@1.93.2)(sass@1.93.2)(webpack@5.102.1)
      source-map-loader: 5.0.0(webpack@5.102.1)
      style-loader: 3.3.4(webpack@5.102.1)
      terser-webpack-plugin: 5.3.14(webpack@5.102.1)
      ts-loader: 9.5.4(typescript@5.9.3)(webpack@5.102.1)
      webpack: 5.102.1(webpack-cli@5.1.4)
      webpack-dev-server: 5.2.2(webpack-cli@5.1.4)(webpack@5.102.1)
      webpack-subresource-integrity: 5.1.0(html-webpack-plugin@5.6.4(@rspack/core@1.5.8(@swc/helpers@0.5.17))(webpack@5.102.1))(webpack@5.102.1)
  '@vitest/mocker@3.2.4(msw@2.11.3(@types/node@22.18.1)(typescript@5.9.2))(vite@7.1.9(@types/node@22.18.1)(jiti@2.6.1)(less@4.4.2)(lightningcss@1.30.1)(sass-embedded@1.93.2)(sass@1.93.2)(terser@5.44.0)(tsx@4.20.6)(yaml@2.8.1))':
    dependencies:
      '@vitest/spy': 3.2.4
      estree-walker: 3.0.3
      magic-string: 0.30.19
    optionalDependencies:
      msw: 2.11.3(@types/node@22.18.1)(typescript@5.9.2)
      vite: 7.1.9(@types/node@22.18.1)(jiti@2.6.1)(less@4.4.2)(lightningcss@1.30.1)(sass-embedded@1.93.2)(sass@1.93.2)(terser@5.44.0)(tsx@4.20.6)(yaml@2.8.1)

      webpack: 5.102.1(webpack-cli@5.1.4)
      webpack: 5.102.1(webpack-cli@5.1.4)
      webpack: 5.102.1(webpack-cli@5.1.4)
  babel-loader@9.2.1(@babel/core@7.28.4)(webpack@5.102.1):
      webpack: 5.102.1(webpack-cli@5.1.4)
  copy-webpack-plugin@10.2.4(webpack@5.102.1):
      webpack: 5.102.1(webpack-cli@5.1.4)
  copy-webpack-plugin@11.0.0(webpack@5.102.1):
      webpack: 5.102.1(webpack-cli@5.1.4)
  css-loader@6.11.0(@rspack/core@1.5.8(@swc/helpers@0.5.17))(webpack@5.102.1):
      webpack: 5.102.1(webpack-cli@5.1.4)
      webpack: 5.102.1(webpack-cli@5.1.4)
  css-minimizer-webpack-plugin@5.0.1(clean-css@5.3.3)(lightningcss@1.30.1)(webpack@5.102.1):
      webpack: 5.102.1(webpack-cli@5.1.4)
  file-loader@6.2.0(webpack@5.102.1):
      webpack: 5.102.1(webpack-cli@5.1.4)
  fork-ts-checker-webpack-plugin@7.2.13(typescript@5.9.3)(webpack@5.102.1):
      webpack: 5.102.1(webpack-cli@5.1.4)
  html-webpack-plugin@5.6.4(@rspack/core@1.5.8(@swc/helpers@0.5.17))(webpack@5.102.0):
      webpack: 5.102.0
      webpack: 5.102.1(webpack-cli@5.1.4)
  less-loader@11.1.4(less@4.4.2)(webpack@5.102.1):
      webpack: 5.102.1(webpack-cli@5.1.4)
  license-webpack-plugin@4.0.2(webpack@5.102.1):
      webpack: 5.102.1(webpack-cli@5.1.4)
  mini-css-extract-plugin@2.4.7(webpack@5.102.1):
      webpack: 5.102.1(webpack-cli@5.1.4)
  mini-css-extract-plugin@2.9.4(webpack@5.102.1):
      webpack: 5.102.1(webpack-cli@5.1.4)
  null-loader@4.0.1(webpack@5.102.1):
      webpack: 5.102.1(webpack-cli@5.1.4)
  postcss-loader@6.2.1(postcss@8.5.6)(webpack@5.102.1):
      webpack: 5.102.1(webpack-cli@5.1.4)
  postcss-loader@7.3.4(postcss@8.5.6)(typescript@5.2.2)(webpack@5.102.1):
      webpack: 5.102.1(webpack-cli@5.1.4)
      webpack: 5.102.1(webpack-cli@5.1.4)
  react-loadable-ssr-addon-v5-slorber@1.0.1(@docusaurus/react-loadable@6.0.0(react@19.1.1))(webpack@5.102.0):
      webpack: 5.102.0
  sass-loader@16.0.5(@rspack/core@1.5.8(@swc/helpers@0.5.17))(sass-embedded@1.93.2)(sass@1.93.2)(webpack@5.102.1):
      webpack: 5.102.1(webpack-cli@5.1.4)
  source-map-loader@5.0.0(webpack@5.102.1):
      webpack: 5.102.1(webpack-cli@5.1.4)
  style-loader@3.3.4(webpack@5.102.1):
      webpack: 5.102.1(webpack-cli@5.1.4)
      webpack: 5.102.1(webpack-cli@5.1.4)
  terser-webpack-plugin@5.3.14(webpack@5.102.0):
      webpack: 5.102.0
  terser-webpack-plugin@5.3.14(webpack@5.102.1):
      webpack: 5.102.1(webpack-cli@5.1.4)
  ts-jest@29.4.5(@babel/core@7.28.4)(@jest/transform@30.2.0)(@jest/types@30.2.0)(babel-jest@29.7.0(@babel/core@7.28.4))(jest-util@30.2.0)(jest@29.7.0(@types/node@24.7.0)(babel-plugin-macros@3.1.0)(ts-node@10.9.2(@types/node@24.7.0)(typescript@5.9.3)))(typescript@5.9.3):
      webpack: 5.102.1(webpack-cli@5.1.4)
  url-loader@4.1.1(file-loader@6.2.0(webpack@5.102.1))(webpack@5.102.1):
      webpack: 5.102.1(webpack-cli@5.1.4)
      file-loader: 6.2.0(webpack@5.102.1)
      '@vitest/mocker': 3.2.4(msw@2.11.3(@types/node@22.18.1)(typescript@5.9.2))(vite@7.1.9(@types/node@22.18.1)(jiti@2.6.1)(less@4.4.2)(lightningcss@1.30.1)(sass-embedded@1.93.2)(sass@1.93.2)(terser@5.44.0)(tsx@4.20.6)(yaml@2.8.1))
      webpack: 5.102.1(webpack-cli@5.1.4)
  webpack-dev-middleware@7.4.5(webpack@5.102.0):
      webpack: 5.102.0
      webpack: 5.102.1(webpack-cli@5.1.4)
      webpack: 5.102.1(webpack-cli@5.1.4)
  webpack-dev-server@5.2.2(webpack@5.102.0):
      webpack-dev-middleware: 7.4.5(webpack@5.102.0)
      webpack: 5.102.0
  webpack-subresource-integrity@5.1.0(html-webpack-plugin@5.6.4(@rspack/core@1.5.8(@swc/helpers@0.5.17))(webpack@5.102.1))(webpack@5.102.1):
      webpack: 5.102.1(webpack-cli@5.1.4)
      html-webpack-plugin: 5.6.4(@rspack/core@1.5.8(@swc/helpers@0.5.17))(webpack@5.102.1)
  webpack@5.102.0:
      terser-webpack-plugin: 5.3.14(webpack@5.102.0)
  webpack@5.102.1(webpack-cli@5.1.4):
      terser-webpack-plugin: 5.3.14(webpack@5.102.1)
  webpackbar@6.0.1(webpack@5.102.1):
      webpack: 5.102.1(webpack-cli@5.1.4)
