      '@langchain/langgraph':
        specifier: 0.4.9
        version: 0.4.9(@langchain/core@0.3.72(@opentelemetry/api@1.9.0)(@opentelemetry/exporter-trace-otlp-proto@0.53.0(@opentelemetry/api@1.9.0))(@opentelemetry/sdk-trace-base@2.0.1(@opentelemetry/api@1.9.0))(openai@5.12.2(ws@8.18.3)(zod@3.25.76)))(react-dom@19.1.1(react@19.1.1))(react@19.1.1)(zod-to-json-schema@3.24.6(zod@3.25.76))
  '@langchain/langgraph-checkpoint@0.1.1':
    resolution: {integrity: sha512-h2bP0RUikQZu0Um1ZUPErQLXyhzroJqKRbRcxYRTAh49oNlsfeq4A3K4YEDRbGGuyPZI/Jiqwhks1wZwY73AZw==}
    engines: {node: '>=18'}
    peerDependencies:
      '@langchain/core': '>=0.2.31 <0.4.0 || ^1.0.0-alpha'

  '@langchain/langgraph-sdk@0.1.1':
    resolution: {integrity: sha512-eHdGu0WrZ28YwSrz1scB1cq9aiORGLEjY8PjvAf5XaiWMZrlKhOxXRI5b4vyj7R37hAIN7Q5r0syAptJTOfRpw==}
    peerDependencies:
      '@langchain/core': '>=0.2.31 <0.4.0'
      react: ^18 || ^19
      react-dom: ^18 || ^19
    peerDependenciesMeta:
      '@langchain/core':
        optional: true
      react:
        optional: true
      react-dom:
        optional: true

  '@langchain/langgraph@0.4.9':
    resolution: {integrity: sha512-+rcdTGi4Ium4X/VtIX3Zw4RhxEkYWpwUyz806V6rffjHOAMamg6/WZDxpJbrP33RV/wJG1GH12Z29oX3Pqq3Aw==}
    engines: {node: '>=18'}
    peerDependencies:
      '@langchain/core': '>=0.3.58 < 0.4.0'
      zod-to-json-schema: ^3.x
    peerDependenciesMeta:
      zod-to-json-schema:
        optional: true

  '@langchain/core@0.3.72(@opentelemetry/api@1.9.0)(@opentelemetry/exporter-trace-otlp-proto@0.53.0(@opentelemetry/api@1.9.0))(@opentelemetry/sdk-trace-base@2.0.1(@opentelemetry/api@1.9.0))(openai@5.12.2(ws@8.18.3)(zod@3.25.76))':
    dependencies:
      '@cfworker/json-schema': 4.1.1
      ansi-styles: 5.2.0
      camelcase: 6.3.0
      decamelize: 1.2.0
      js-tiktoken: 1.0.21
      langsmith: 0.3.66(@opentelemetry/api@1.9.0)(@opentelemetry/exporter-trace-otlp-proto@0.53.0(@opentelemetry/api@1.9.0))(@opentelemetry/sdk-trace-base@2.0.1(@opentelemetry/api@1.9.0))(openai@5.12.2(ws@8.18.3)(zod@3.25.76))
      mustache: 4.2.0
      p-queue: 6.6.2
      p-retry: 4.6.2
      uuid: 10.0.0
      zod: 3.25.76
      zod-to-json-schema: 3.24.6(zod@3.25.76)
    transitivePeerDependencies:
      - '@opentelemetry/api'
      - '@opentelemetry/exporter-trace-otlp-proto'
      - '@opentelemetry/sdk-trace-base'
      - openai

  '@langchain/langgraph-checkpoint@0.1.1(@langchain/core@0.3.72(@opentelemetry/api@1.9.0)(@opentelemetry/exporter-trace-otlp-proto@0.53.0(@opentelemetry/api@1.9.0))(@opentelemetry/sdk-trace-base@2.0.1(@opentelemetry/api@1.9.0))(openai@5.12.2(ws@8.18.3)(zod@3.25.76)))':
    dependencies:
      '@langchain/core': 0.3.72(@opentelemetry/api@1.9.0)(@opentelemetry/exporter-trace-otlp-proto@0.53.0(@opentelemetry/api@1.9.0))(@opentelemetry/sdk-trace-base@2.0.1(@opentelemetry/api@1.9.0))(openai@5.12.2(ws@8.18.3)(zod@3.25.76))
      uuid: 10.0.0

  '@langchain/langgraph-sdk@0.1.1(@langchain/core@0.3.72(@opentelemetry/api@1.9.0)(@opentelemetry/exporter-trace-otlp-proto@0.53.0(@opentelemetry/api@1.9.0))(@opentelemetry/sdk-trace-base@2.0.1(@opentelemetry/api@1.9.0))(openai@5.12.2(ws@8.18.3)(zod@3.25.76)))(react-dom@19.1.1(react@19.1.1))(react@19.1.1)':
    dependencies:
      '@types/json-schema': 7.0.15
      p-queue: 6.6.2
      p-retry: 4.6.2
      uuid: 9.0.1
    optionalDependencies:
      '@langchain/core': 0.3.72(@opentelemetry/api@1.9.0)(@opentelemetry/exporter-trace-otlp-proto@0.53.0(@opentelemetry/api@1.9.0))(@opentelemetry/sdk-trace-base@2.0.1(@opentelemetry/api@1.9.0))(openai@5.12.2(ws@8.18.3)(zod@3.25.76))
      react: 19.1.1
      react-dom: 19.1.1(react@19.1.1)

  '@langchain/langgraph@0.4.9(@langchain/core@0.3.72(@opentelemetry/api@1.9.0)(@opentelemetry/exporter-trace-otlp-proto@0.53.0(@opentelemetry/api@1.9.0))(@opentelemetry/sdk-trace-base@2.0.1(@opentelemetry/api@1.9.0))(openai@5.12.2(ws@8.18.3)(zod@3.25.76)))(react-dom@19.1.1(react@19.1.1))(react@19.1.1)(zod-to-json-schema@3.24.6(zod@3.25.76))':
    dependencies:
      '@langchain/core': 0.3.72(@opentelemetry/api@1.9.0)(@opentelemetry/exporter-trace-otlp-proto@0.53.0(@opentelemetry/api@1.9.0))(@opentelemetry/sdk-trace-base@2.0.1(@opentelemetry/api@1.9.0))(openai@5.12.2(ws@8.18.3)(zod@3.25.76))
      '@langchain/langgraph-checkpoint': 0.1.1(@langchain/core@0.3.72(@opentelemetry/api@1.9.0)(@opentelemetry/exporter-trace-otlp-proto@0.53.0(@opentelemetry/api@1.9.0))(@opentelemetry/sdk-trace-base@2.0.1(@opentelemetry/api@1.9.0))(openai@5.12.2(ws@8.18.3)(zod@3.25.76)))
      '@langchain/langgraph-sdk': 0.1.1(@langchain/core@0.3.72(@opentelemetry/api@1.9.0)(@opentelemetry/exporter-trace-otlp-proto@0.53.0(@opentelemetry/api@1.9.0))(@opentelemetry/sdk-trace-base@2.0.1(@opentelemetry/api@1.9.0))(openai@5.12.2(ws@8.18.3)(zod@3.25.76)))(react-dom@19.1.1(react@19.1.1))(react@19.1.1)
      uuid: 10.0.0
      zod: 3.25.76
    optionalDependencies:
      zod-to-json-schema: 3.24.6(zod@3.25.76)
    transitivePeerDependencies:
      - react
      - react-dom

  langsmith@0.3.66(@opentelemetry/api@1.9.0)(@opentelemetry/exporter-trace-otlp-proto@0.53.0(@opentelemetry/api@1.9.0))(@opentelemetry/sdk-trace-base@2.0.1(@opentelemetry/api@1.9.0))(openai@5.12.2(ws@8.18.3)(zod@3.25.76)):
    dependencies:
      '@types/uuid': 10.0.0
      chalk: 4.1.2
      console-table-printer: 2.14.6
      p-queue: 6.6.2
      p-retry: 4.6.2
      semver: 7.7.2
      uuid: 10.0.0
    optionalDependencies:
      '@opentelemetry/api': 1.9.0
      '@opentelemetry/exporter-trace-otlp-proto': 0.53.0(@opentelemetry/api@1.9.0)
      '@opentelemetry/sdk-trace-base': 2.0.1(@opentelemetry/api@1.9.0)
      openai: 5.12.2(ws@8.18.3)(zod@3.25.76)

