      '@types/supertest':
        specifier: ^2.0.16
        version: 2.0.16
      prom-client:
        specifier: ^15.1.3
        version: 15.1.3
      supertest:
        specifier: ^7.1.4
        version: 7.1.4
      '@cortex-os/cortex-sec':
        specifier: workspace:*
        version: link:../cortex-sec
